// !$*UTF8*$!
{
	archiveVersion = 1;
	classes = {
	};
	objectVersion = 50;
	objects = {

/* Begin PBXBuildFile section */
		0EE1CD24FA20979C4BF2CEFD /* Pods_InstagramTests.framework in Frameworks */ = {isa = PBXBuildFile; fileRef = 21D57644B6CC419E849AE103 /* Pods_InstagramTests.framework */; };
		23D2709DE8BBD4F2FE5CB0DD /* Pods_Instagram_InstagramUITests.framework in Frameworks */ = {isa = PBXBuildFile; fileRef = 04B9E6E43593B0244E39B903 /* Pods_Instagram_InstagramUITests.framework */; };
		27DF388E14ADAF16A7EF6C80 /* Pods_Instagram.framework in Frameworks */ = {isa = PBXBuildFile; fileRef = A3C56E40BB4198AACE94FC5B /* Pods_Instagram.framework */; };
		5893439124B3C80100C431BD /* AppDelegate.m in Sources */ = {isa = PBXBuildFile; fileRef = 5893439024B3C80100C431BD /* AppDelegate.m */; };
		5893439424B3C80100C431BD /* SceneDelegate.m in Sources */ = {isa = PBXBuildFile; fileRef = 5893439324B3C80100C431BD /* SceneDelegate.m */; };
		5893439724B3C80100C431BD /* ViewController.m in Sources */ = {isa = PBXBuildFile; fileRef = 5893439624B3C80100C431BD /* ViewController.m */; };
		5893439A24B3C80100C431BD /* Main.storyboard in Resources */ = {isa = PBXBuildFile; fileRef = 5893439824B3C80100C431BD /* Main.storyboard */; };
		5893439C24B3C80200C431BD /* Assets.xcassets in Resources */ = {isa = PBXBuildFile; fileRef = 5893439B24B3C80200C431BD /* Assets.xcassets */; };
		5893439F24B3C80200C431BD /* LaunchScreen.storyboard in Resources */ = {isa = PBXBuildFile; fileRef = 5893439D24B3C80200C431BD /* LaunchScreen.storyboard */; };
		589343A224B3C80200C431BD /* main.m in Sources */ = {isa = PBXBuildFile; fileRef = 589343A124B3C80200C431BD /* main.m */; };
		589343AC24B3C80200C431BD /* InstagramTests.m in Sources */ = {isa = PBXBuildFile; fileRef = 589343AB24B3C80200C431BD /* InstagramTests.m */; };
		589343B724B3C80200C431BD /* InstagramUITests.m in Sources */ = {isa = PBXBuildFile; fileRef = 589343B624B3C80200C431BD /* InstagramUITests.m */; };
/* End PBXBuildFile section */

/* Begin PBXContainerItemProxy section */
		589343A824B3C80200C431BD /* PBXContainerItemProxy */ = {
			isa = PBXContainerItemProxy;
			containerPortal = 5893438424B3C80100C431BD /* Project object */;
			proxyType = 1;
			remoteGlobalIDString = 5893438B24B3C80100C431BD;
			remoteInfo = Instagram;
		};
		589343B324B3C80200C431BD /* PBXContainerItemProxy */ = {
			isa = PBXContainerItemProxy;
			containerPortal = 5893438424B3C80100C431BD /* Project object */;
			proxyType = 1;
			remoteGlobalIDString = 5893438B24B3C80100C431BD;
			remoteInfo = Instagram;
		};
/* End PBXContainerItemProxy section */

/* Begin PBXFileReference section */
		0123AA71D3A4B73C53661622 /* Pods-Instagram.release.xcconfig */ = {isa = PBXFileReference; includeInIndex = 1; lastKnownFileType = text.xcconfig; name = "Pods-Instagram.release.xcconfig"; path = "Target Support Files/Pods-Instagram/Pods-Instagram.release.xcconfig"; sourceTree = "<group>"; };
		04B9E6E43593B0244E39B903 /* Pods_Instagram_InstagramUITests.framework */ = {isa = PBXFileReference; explicitFileType = wrapper.framework; includeInIndex = 0; path = Pods_Instagram_InstagramUITests.framework; sourceTree = BUILT_PRODUCTS_DIR; };
		05DCAF05155CCB998D8DEDBE /* Pods-Instagram.debug.xcconfig */ = {isa = PBXFileReference; includeInIndex = 1; lastKnownFileType = text.xcconfig; name = "Pods-Instagram.debug.xcconfig"; path = "Target Support Files/Pods-Instagram/Pods-Instagram.debug.xcconfig"; sourceTree = "<group>"; };
		21D57644B6CC419E849AE103 /* Pods_InstagramTests.framework */ = {isa = PBXFileReference; explicitFileType = wrapper.framework; includeInIndex = 0; path = Pods_InstagramTests.framework; sourceTree = BUILT_PRODUCTS_DIR; };
		24923FA954305F168289286E /* Pods-Instagram-InstagramUITests.release.xcconfig */ = {isa = PBXFileReference; includeInIndex = 1; lastKnownFileType = text.xcconfig; name = "Pods-Instagram-InstagramUITests.release.xcconfig"; path = "Target Support Files/Pods-Instagram-InstagramUITests/Pods-Instagram-InstagramUITests.release.xcconfig"; sourceTree = "<group>"; };
		54ED6C70984B6226305C2450 /* Pods-InstagramTests.debug.xcconfig */ = {isa = PBXFileReference; includeInIndex = 1; lastKnownFileType = text.xcconfig; name = "Pods-InstagramTests.debug.xcconfig"; path = "Target Support Files/Pods-InstagramTests/Pods-InstagramTests.debug.xcconfig"; sourceTree = "<group>"; };
		5893438C24B3C80100C431BD /* Instagram.app */ = {isa = PBXFileReference; explicitFileType = wrapper.application; includeInIndex = 0; path = Instagram.app; sourceTree = BUILT_PRODUCTS_DIR; };
		5893438F24B3C80100C431BD /* AppDelegate.h */ = {isa = PBXFileReference; lastKnownFileType = sourcecode.c.h; path = AppDelegate.h; sourceTree = "<group>"; };
		5893439024B3C80100C431BD /* AppDelegate.m */ = {isa = PBXFileReference; lastKnownFileType = sourcecode.c.objc; path = AppDelegate.m; sourceTree = "<group>"; };
		5893439224B3C80100C431BD /* SceneDelegate.h */ = {isa = PBXFileReference; lastKnownFileType = sourcecode.c.h; path = SceneDelegate.h; sourceTree = "<group>"; };
		5893439324B3C80100C431BD /* SceneDelegate.m */ = {isa = PBXFileReference; lastKnownFileType = sourcecode.c.objc; path = SceneDelegate.m; sourceTree = "<group>"; };
		5893439524B3C80100C431BD /* ViewController.h */ = {isa = PBXFileReference; lastKnownFileType = sourcecode.c.h; path = ViewController.h; sourceTree = "<group>"; };
		5893439624B3C80100C431BD /* ViewController.m */ = {isa = PBXFileReference; lastKnownFileType = sourcecode.c.objc; path = ViewController.m; sourceTree = "<group>"; };
		5893439924B3C80100C431BD /* Base */ = {isa = PBXFileReference; lastKnownFileType = file.storyboard; name = Base; path = Base.lproj/Main.storyboard; sourceTree = "<group>"; };
		5893439B24B3C80200C431BD /* Assets.xcassets */ = {isa = PBXFileReference; lastKnownFileType = folder.assetcatalog; path = Assets.xcassets; sourceTree = "<group>"; };
		5893439E24B3C80200C431BD /* Base */ = {isa = PBXFileReference; lastKnownFileType = file.storyboard; name = Base; path = Base.lproj/LaunchScreen.storyboard; sourceTree = "<group>"; };
		589343A024B3C80200C431BD /* Info.plist */ = {isa = PBXFileReference; lastKnownFileType = text.plist.xml; path = Info.plist; sourceTree = "<group>"; };
		589343A124B3C80200C431BD /* main.m */ = {isa = PBXFileReference; lastKnownFileType = sourcecode.c.objc; path = main.m; sourceTree = "<group>"; };
		589343A724B3C80200C431BD /* InstagramTests.xctest */ = {isa = PBXFileReference; explicitFileType = wrapper.cfbundle; includeInIndex = 0; path = InstagramTests.xctest; sourceTree = BUILT_PRODUCTS_DIR; };
		589343AB24B3C80200C431BD /* InstagramTests.m */ = {isa = PBXFileReference; lastKnownFileType = sourcecode.c.objc; path = InstagramTests.m; sourceTree = "<group>"; };
		589343AD24B3C80200C431BD /* Info.plist */ = {isa = PBXFileReference; lastKnownFileType = text.plist.xml; path = Info.plist; sourceTree = "<group>"; };
		589343B224B3C80200C431BD /* InstagramUITests.xctest */ = {isa = PBXFileReference; explicitFileType = wrapper.cfbundle; includeInIndex = 0; path = InstagramUITests.xctest; sourceTree = BUILT_PRODUCTS_DIR; };
		589343B624B3C80200C431BD /* InstagramUITests.m */ = {isa = PBXFileReference; lastKnownFileType = sourcecode.c.objc; path = InstagramUITests.m; sourceTree = "<group>"; };
		589343B824B3C80200C431BD /* Info.plist */ = {isa = PBXFileReference; lastKnownFileType = text.plist.xml; path = Info.plist; sourceTree = "<group>"; };
		5A851B6E46B582893A7F1619 /* Pods-Instagram-InstagramUITests.debug.xcconfig */ = {isa = PBXFileReference; includeInIndex = 1; lastKnownFileType = text.xcconfig; name = "Pods-Instagram-InstagramUITests.debug.xcconfig"; path = "Target Support Files/Pods-Instagram-InstagramUITests/Pods-Instagram-InstagramUITests.debug.xcconfig"; sourceTree = "<group>"; };
		A3C56E40BB4198AACE94FC5B /* Pods_Instagram.framework */ = {isa = PBXFileReference; explicitFileType = wrapper.framework; includeInIndex = 0; path = Pods_Instagram.framework; sourceTree = BUILT_PRODUCTS_DIR; };
		D41A70FDDD3D2821B7415E4F /* Pods-InstagramTests.release.xcconfig */ = {isa = PBXFileReference; includeInIndex = 1; lastKnownFileType = text.xcconfig; name = "Pods-InstagramTests.release.xcconfig"; path = "Target Support Files/Pods-InstagramTests/Pods-InstagramTests.release.xcconfig"; sourceTree = "<group>"; };
/* End PBXFileReference section */

/* Begin PBXFrameworksBuildPhase section */
		5893438924B3C80100C431BD /* Frameworks */ = {
			isa = PBXFrameworksBuildPhase;
			buildActionMask = 2147483647;
			files = (
				27DF388E14ADAF16A7EF6C80 /* Pods_Instagram.framework in Frameworks */,
			);
			runOnlyForDeploymentPostprocessing = 0;
		};
		589343A424B3C80200C431BD /* Frameworks */ = {
			isa = PBXFrameworksBuildPhase;
			buildActionMask = 2147483647;
			files = (
				0EE1CD24FA20979C4BF2CEFD /* Pods_InstagramTests.framework in Frameworks */,
			);
			runOnlyForDeploymentPostprocessing = 0;
		};
		589343AF24B3C80200C431BD /* Frameworks */ = {
			isa = PBXFrameworksBuildPhase;
			buildActionMask = 2147483647;
			files = (
				23D2709DE8BBD4F2FE5CB0DD /* Pods_Instagram_InstagramUITests.framework in Frameworks */,
			);
			runOnlyForDeploymentPostprocessing = 0;
		};
/* End PBXFrameworksBuildPhase section */

/* Begin PBXGroup section */
		5893438324B3C80100C431BD = {
			isa = PBXGroup;
			children = (
				5893438E24B3C80100C431BD /* Instagram */,
				589343AA24B3C80200C431BD /* InstagramTests */,
				589343B524B3C80200C431BD /* InstagramUITests */,
				5893438D24B3C80100C431BD /* Products */,
				B1E073A64A1578A1047AD511 /* Pods */,
				E34701BD86A8164E1AD405B2 /* Frameworks */,
			);
			sourceTree = "<group>";
		};
		5893438D24B3C80100C431BD /* Products */ = {
			isa = PBXGroup;
			children = (
				5893438C24B3C80100C431BD /* Instagram.app */,
				589343A724B3C80200C431BD /* InstagramTests.xctest */,
				589343B224B3C80200C431BD /* InstagramUITests.xctest */,
			);
			name = Products;
			sourceTree = "<group>";
		};
		5893438E24B3C80100C431BD /* Instagram */ = {
			isa = PBXGroup;
			children = (
				5893438F24B3C80100C431BD /* AppDelegate.h */,
				5893439024B3C80100C431BD /* AppDelegate.m */,
				5893439224B3C80100C431BD /* SceneDelegate.h */,
				5893439324B3C80100C431BD /* SceneDelegate.m */,
				5893439524B3C80100C431BD /* ViewController.h */,
				5893439624B3C80100C431BD /* ViewController.m */,
				5893439824B3C80100C431BD /* Main.storyboard */,
				5893439B24B3C80200C431BD /* Assets.xcassets */,
				5893439D24B3C80200C431BD /* LaunchScreen.storyboard */,
				589343A024B3C80200C431BD /* Info.plist */,
				589343A124B3C80200C431BD /* main.m */,
			);
			path = Instagram;
			sourceTree = "<group>";
		};
		589343AA24B3C80200C431BD /* InstagramTests */ = {
			isa = PBXGroup;
			children = (
				589343AB24B3C80200C431BD /* InstagramTests.m */,
				589343AD24B3C80200C431BD /* Info.plist */,
			);
			path = InstagramTests;
			sourceTree = "<group>";
		};
		589343B524B3C80200C431BD /* InstagramUITests */ = {
			isa = PBXGroup;
			children = (
				589343B624B3C80200C431BD /* InstagramUITests.m */,
				589343B824B3C80200C431BD /* Info.plist */,
			);
			path = InstagramUITests;
			sourceTree = "<group>";
		};
		B1E073A64A1578A1047AD511 /* Pods */ = {
			isa = PBXGroup;
			children = (
				05DCAF05155CCB998D8DEDBE /* Pods-Instagram.debug.xcconfig */,
				0123AA71D3A4B73C53661622 /* Pods-Instagram.release.xcconfig */,
				5A851B6E46B582893A7F1619 /* Pods-Instagram-InstagramUITests.debug.xcconfig */,
				24923FA954305F168289286E /* Pods-Instagram-InstagramUITests.release.xcconfig */,
				54ED6C70984B6226305C2450 /* Pods-InstagramTests.debug.xcconfig */,
				D41A70FDDD3D2821B7415E4F /* Pods-InstagramTests.release.xcconfig */,
			);
			name = Pods;
			path = Pods;
			sourceTree = "<group>";
		};
		E34701BD86A8164E1AD405B2 /* Frameworks */ = {
			isa = PBXGroup;
			children = (
				A3C56E40BB4198AACE94FC5B /* Pods_Instagram.framework */,
				04B9E6E43593B0244E39B903 /* Pods_Instagram_InstagramUITests.framework */,
				21D57644B6CC419E849AE103 /* Pods_InstagramTests.framework */,
			);
			name = Frameworks;
			sourceTree = "<group>";
		};
/* End PBXGroup section */

/* Begin PBXNativeTarget section */
		5893438B24B3C80100C431BD /* Instagram */ = {
			isa = PBXNativeTarget;
			buildConfigurationList = 589343BB24B3C80200C431BD /* Build configuration list for PBXNativeTarget "Instagram" */;
			buildPhases = (
				77C242D8051ECFBD0ED0CFE7 /* [CP] Check Pods Manifest.lock */,
				5893438824B3C80100C431BD /* Sources */,
				5893438924B3C80100C431BD /* Frameworks */,
				5893438A24B3C80100C431BD /* Resources */,
				18836FC84C4EFEDCBB1996C5 /* [CP] Embed Pods Frameworks */,
			);
			buildRules = (
			);
			dependencies = (
			);
			name = Instagram;
			productName = Instagram;
			productReference = 5893438C24B3C80100C431BD /* Instagram.app */;
			productType = "com.apple.product-type.application";
		};
		589343A624B3C80200C431BD /* InstagramTests */ = {
			isa = PBXNativeTarget;
			buildConfigurationList = 589343BE24B3C80200C431BD /* Build configuration list for PBXNativeTarget "InstagramTests" */;
			buildPhases = (
				64CA83BFD6A78A80F0BE2E00 /* [CP] Check Pods Manifest.lock */,
				589343A324B3C80200C431BD /* Sources */,
				589343A424B3C80200C431BD /* Frameworks */,
				589343A524B3C80200C431BD /* Resources */,
			);
			buildRules = (
			);
			dependencies = (
				589343A924B3C80200C431BD /* PBXTargetDependency */,
			);
			name = InstagramTests;
			productName = InstagramTests;
			productReference = 589343A724B3C80200C431BD /* InstagramTests.xctest */;
			productType = "com.apple.product-type.bundle.unit-test";
		};
		589343B124B3C80200C431BD /* InstagramUITests */ = {
			isa = PBXNativeTarget;
			buildConfigurationList = 589343C124B3C80200C431BD /* Build configuration list for PBXNativeTarget "InstagramUITests" */;
			buildPhases = (
				A83CD75687FB4138703FF9F3 /* [CP] Check Pods Manifest.lock */,
				589343AE24B3C80200C431BD /* Sources */,
				589343AF24B3C80200C431BD /* Frameworks */,
				589343B024B3C80200C431BD /* Resources */,
				2FBF7C44387B02640A431006 /* [CP] Embed Pods Frameworks */,
			);
			buildRules = (
			);
			dependencies = (
				589343B424B3C80200C431BD /* PBXTargetDependency */,
			);
			name = InstagramUITests;
			productName = InstagramUITests;
			productReference = 589343B224B3C80200C431BD /* InstagramUITests.xctest */;
			productType = "com.apple.product-type.bundle.ui-testing";
		};
/* End PBXNativeTarget section */

/* Begin PBXProject section */
		5893438424B3C80100C431BD /* Project object */ = {
			isa = PBXProject;
			attributes = {
				LastUpgradeCheck = 1150;
				ORGANIZATIONNAME = "Ria Vora";
				TargetAttributes = {
					5893438B24B3C80100C431BD = {
						CreatedOnToolsVersion = 11.5;
					};
					589343A624B3C80200C431BD = {
						CreatedOnToolsVersion = 11.5;
						TestTargetID = 5893438B24B3C80100C431BD;
					};
					589343B124B3C80200C431BD = {
						CreatedOnToolsVersion = 11.5;
						TestTargetID = 5893438B24B3C80100C431BD;
					};
				};
			};
			buildConfigurationList = 5893438724B3C80100C431BD /* Build configuration list for PBXProject "Instagram" */;
			compatibilityVersion = "Xcode 9.3";
			developmentRegion = en;
			hasScannedForEncodings = 0;
			knownRegions = (
				en,
				Base,
			);
			mainGroup = 5893438324B3C80100C431BD;
			productRefGroup = 5893438D24B3C80100C431BD /* Products */;
			projectDirPath = "";
			projectRoot = "";
			targets = (
				5893438B24B3C80100C431BD /* Instagram */,
				589343A624B3C80200C431BD /* InstagramTests */,
				589343B124B3C80200C431BD /* InstagramUITests */,
			);
		};
/* End PBXProject section */

/* Begin PBXResourcesBuildPhase section */
		5893438A24B3C80100C431BD /* Resources */ = {
			isa = PBXResourcesBuildPhase;
			buildActionMask = 2147483647;
			files = (
				5893439F24B3C80200C431BD /* LaunchScreen.storyboard in Resources */,
				5893439C24B3C80200C431BD /* Assets.xcassets in Resources */,
				5893439A24B3C80100C431BD /* Main.storyboard in Resources */,
			);
			runOnlyForDeploymentPostprocessing = 0;
		};
		589343A524B3C80200C431BD /* Resources */ = {
			isa = PBXResourcesBuildPhase;
			buildActionMask = 2147483647;
			files = (
			);
			runOnlyForDeploymentPostprocessing = 0;
		};
		589343B024B3C80200C431BD /* Resources */ = {
			isa = PBXResourcesBuildPhase;
			buildActionMask = 2147483647;
			files = (
			);
			runOnlyForDeploymentPostprocessing = 0;
		};
/* End PBXResourcesBuildPhase section */

/* Begin PBXShellScriptBuildPhase section */
		18836FC84C4EFEDCBB1996C5 /* [CP] Embed Pods Frameworks */ = {
			isa = PBXShellScriptBuildPhase;
			buildActionMask = 2147483647;
			files = (
			);
			inputFileListPaths = (
				"${PODS_ROOT}/Target Support Files/Pods-Instagram/Pods-Instagram-frameworks-${CONFIGURATION}-input-files.xcfilelist",
			);
			name = "[CP] Embed Pods Frameworks";
			outputFileListPaths = (
				"${PODS_ROOT}/Target Support Files/Pods-Instagram/Pods-Instagram-frameworks-${CONFIGURATION}-output-files.xcfilelist",
			);
			runOnlyForDeploymentPostprocessing = 0;
			shellPath = /bin/sh;
			shellScript = "\"${PODS_ROOT}/Target Support Files/Pods-Instagram/Pods-Instagram-frameworks.sh\"\n";
			showEnvVarsInLog = 0;
		};
		2FBF7C44387B02640A431006 /* [CP] Embed Pods Frameworks */ = {
			isa = PBXShellScriptBuildPhase;
			buildActionMask = 2147483647;
			files = (
			);
			inputFileListPaths = (
				"${PODS_ROOT}/Target Support Files/Pods-Instagram-InstagramUITests/Pods-Instagram-InstagramUITests-frameworks-${CONFIGURATION}-input-files.xcfilelist",
			);
			name = "[CP] Embed Pods Frameworks";
			outputFileListPaths = (
				"${PODS_ROOT}/Target Support Files/Pods-Instagram-InstagramUITests/Pods-Instagram-InstagramUITests-frameworks-${CONFIGURATION}-output-files.xcfilelist",
			);
			runOnlyForDeploymentPostprocessing = 0;
			shellPath = /bin/sh;
			shellScript = "\"${PODS_ROOT}/Target Support Files/Pods-Instagram-InstagramUITests/Pods-Instagram-InstagramUITests-frameworks.sh\"\n";
			showEnvVarsInLog = 0;
		};
		64CA83BFD6A78A80F0BE2E00 /* [CP] Check Pods Manifest.lock */ = {
			isa = PBXShellScriptBuildPhase;
			buildActionMask = 2147483647;
			files = (
			);
			inputFileListPaths = (
			);
			inputPaths = (
				"${PODS_PODFILE_DIR_PATH}/Podfile.lock",
				"${PODS_ROOT}/Manifest.lock",
			);
			name = "[CP] Check Pods Manifest.lock";
			outputFileListPaths = (
			);
			outputPaths = (
				"$(DERIVED_FILE_DIR)/Pods-InstagramTests-checkManifestLockResult.txt",
			);
			runOnlyForDeploymentPostprocessing = 0;
			shellPath = /bin/sh;
			shellScript = "diff \"${PODS_PODFILE_DIR_PATH}/Podfile.lock\" \"${PODS_ROOT}/Manifest.lock\" > /dev/null\nif [ $? != 0 ] ; then\n    # print error to STDERR\n    echo \"error: The sandbox is not in sync with the Podfile.lock. Run 'pod install' or update your CocoaPods installation.\" >&2\n    exit 1\nfi\n# This output is used by Xcode 'outputs' to avoid re-running this script phase.\necho \"SUCCESS\" > \"${SCRIPT_OUTPUT_FILE_0}\"\n";
			showEnvVarsInLog = 0;
		};
		77C242D8051ECFBD0ED0CFE7 /* [CP] Check Pods Manifest.lock */ = {
			isa = PBXShellScriptBuildPhase;
			buildActionMask = 2147483647;
			files = (
			);
			inputFileListPaths = (
			);
			inputPaths = (
				"${PODS_PODFILE_DIR_PATH}/Podfile.lock",
				"${PODS_ROOT}/Manifest.lock",
			);
			name = "[CP] Check Pods Manifest.lock";
			outputFileListPaths = (
			);
			outputPaths = (
				"$(DERIVED_FILE_DIR)/Pods-Instagram-checkManifestLockResult.txt",
			);
			runOnlyForDeploymentPostprocessing = 0;
			shellPath = /bin/sh;
			shellScript = "diff \"${PODS_PODFILE_DIR_PATH}/Podfile.lock\" \"${PODS_ROOT}/Manifest.lock\" > /dev/null\nif [ $? != 0 ] ; then\n    # print error to STDERR\n    echo \"error: The sandbox is not in sync with the Podfile.lock. Run 'pod install' or update your CocoaPods installation.\" >&2\n    exit 1\nfi\n# This output is used by Xcode 'outputs' to avoid re-running this script phase.\necho \"SUCCESS\" > \"${SCRIPT_OUTPUT_FILE_0}\"\n";
			showEnvVarsInLog = 0;
		};
		A83CD75687FB4138703FF9F3 /* [CP] Check Pods Manifest.lock */ = {
			isa = PBXShellScriptBuildPhase;
			buildActionMask = 2147483647;
			files = (
			);
			inputFileListPaths = (
			);
			inputPaths = (
				"${PODS_PODFILE_DIR_PATH}/Podfile.lock",
				"${PODS_ROOT}/Manifest.lock",
			);
			name = "[CP] Check Pods Manifest.lock";
			outputFileListPaths = (
			);
			outputPaths = (
				"$(DERIVED_FILE_DIR)/Pods-Instagram-InstagramUITests-checkManifestLockResult.txt",
			);
			runOnlyForDeploymentPostprocessing = 0;
			shellPath = /bin/sh;
			shellScript = "diff \"${PODS_PODFILE_DIR_PATH}/Podfile.lock\" \"${PODS_ROOT}/Manifest.lock\" > /dev/null\nif [ $? != 0 ] ; then\n    # print error to STDERR\n    echo \"error: The sandbox is not in sync with the Podfile.lock. Run 'pod install' or update your CocoaPods installation.\" >&2\n    exit 1\nfi\n# This output is used by Xcode 'outputs' to avoid re-running this script phase.\necho \"SUCCESS\" > \"${SCRIPT_OUTPUT_FILE_0}\"\n";
			showEnvVarsInLog = 0;
		};
/* End PBXShellScriptBuildPhase section */

/* Begin PBXSourcesBuildPhase section */
		5893438824B3C80100C431BD /* Sources */ = {
			isa = PBXSourcesBuildPhase;
			buildActionMask = 2147483647;
			files = (
				5893439724B3C80100C431BD /* ViewController.m in Sources */,
				5893439124B3C80100C431BD /* AppDelegate.m in Sources */,
				589343A224B3C80200C431BD /* main.m in Sources */,
				5893439424B3C80100C431BD /* SceneDelegate.m in Sources */,
			);
			runOnlyForDeploymentPostprocessing = 0;
		};
		589343A324B3C80200C431BD /* Sources */ = {
			isa = PBXSourcesBuildPhase;
			buildActionMask = 2147483647;
			files = (
				589343AC24B3C80200C431BD /* InstagramTests.m in Sources */,
			);
			runOnlyForDeploymentPostprocessing = 0;
		};
		589343AE24B3C80200C431BD /* Sources */ = {
			isa = PBXSourcesBuildPhase;
			buildActionMask = 2147483647;
			files = (
				589343B724B3C80200C431BD /* InstagramUITests.m in Sources */,
			);
			runOnlyForDeploymentPostprocessing = 0;
		};
/* End PBXSourcesBuildPhase section */

/* Begin PBXTargetDependency section */
		589343A924B3C80200C431BD /* PBXTargetDependency */ = {
			isa = PBXTargetDependency;
			target = 5893438B24B3C80100C431BD /* Instagram */;
			targetProxy = 589343A824B3C80200C431BD /* PBXContainerItemProxy */;
		};
		589343B424B3C80200C431BD /* PBXTargetDependency */ = {
			isa = PBXTargetDependency;
			target = 5893438B24B3C80100C431BD /* Instagram */;
			targetProxy = 589343B324B3C80200C431BD /* PBXContainerItemProxy */;
		};
/* End PBXTargetDependency section */

/* Begin PBXVariantGroup section */
		5893439824B3C80100C431BD /* Main.storyboard */ = {
			isa = PBXVariantGroup;
			children = (
				5893439924B3C80100C431BD /* Base */,
			);
			name = Main.storyboard;
			sourceTree = "<group>";
		};
		5893439D24B3C80200C431BD /* LaunchScreen.storyboard */ = {
			isa = PBXVariantGroup;
			children = (
				5893439E24B3C80200C431BD /* Base */,
			);
			name = LaunchScreen.storyboard;
			sourceTree = "<group>";
		};
/* End PBXVariantGroup section */

/* Begin XCBuildConfiguration section */
		589343B924B3C80200C431BD /* Debug */ = {
			isa = XCBuildConfiguration;
			buildSettings = {
				ALWAYS_SEARCH_USER_PATHS = NO;
				CLANG_ANALYZER_NONNULL = YES;
				CLANG_ANALYZER_NUMBER_OBJECT_CONVERSION = YES_AGGRESSIVE;
				CLANG_CXX_LANGUAGE_STANDARD = "gnu++14";
				CLANG_CXX_LIBRARY = "libc++";
				CLANG_ENABLE_MODULES = YES;
				CLANG_ENABLE_OBJC_ARC = YES;
				CLANG_ENABLE_OBJC_WEAK = YES;
				CLANG_WARN_BLOCK_CAPTURE_AUTORELEASING = YES;
				CLANG_WARN_BOOL_CONVERSION = YES;
				CLANG_WARN_COMMA = YES;
				CLANG_WARN_CONSTANT_CONVERSION = YES;
				CLANG_WARN_DEPRECATED_OBJC_IMPLEMENTATIONS = YES;
				CLANG_WARN_DIRECT_OBJC_ISA_USAGE = YES_ERROR;
				CLANG_WARN_DOCUMENTATION_COMMENTS = YES;
				CLANG_WARN_EMPTY_BODY = YES;
				CLANG_WARN_ENUM_CONVERSION = YES;
				CLANG_WARN_INFINITE_RECURSION = YES;
				CLANG_WARN_INT_CONVERSION = YES;
				CLANG_WARN_NON_LITERAL_NULL_CONVERSION = YES;
				CLANG_WARN_OBJC_IMPLICIT_RETAIN_SELF = YES;
				CLANG_WARN_OBJC_LITERAL_CONVERSION = YES;
				CLANG_WARN_OBJC_ROOT_CLASS = YES_ERROR;
				CLANG_WARN_RANGE_LOOP_ANALYSIS = YES;
				CLANG_WARN_STRICT_PROTOTYPES = YES;
				CLANG_WARN_SUSPICIOUS_MOVE = YES;
				CLANG_WARN_UNGUARDED_AVAILABILITY = YES_AGGRESSIVE;
				CLANG_WARN_UNREACHABLE_CODE = YES;
				CLANG_WARN__DUPLICATE_METHOD_MATCH = YES;
				COPY_PHASE_STRIP = NO;
				DEBUG_INFORMATION_FORMAT = dwarf;
				ENABLE_STRICT_OBJC_MSGSEND = YES;
				ENABLE_TESTABILITY = YES;
				GCC_C_LANGUAGE_STANDARD = gnu11;
				GCC_DYNAMIC_NO_PIC = NO;
				GCC_NO_COMMON_BLOCKS = YES;
				GCC_OPTIMIZATION_LEVEL = 0;
				GCC_PREPROCESSOR_DEFINITIONS = (
					"DEBUG=1",
					"$(inherited)",
				);
				GCC_WARN_64_TO_32_BIT_CONVERSION = YES;
				GCC_WARN_ABOUT_RETURN_TYPE = YES_ERROR;
				GCC_WARN_UNDECLARED_SELECTOR = YES;
				GCC_WARN_UNINITIALIZED_AUTOS = YES_AGGRESSIVE;
				GCC_WARN_UNUSED_FUNCTION = YES;
				GCC_WARN_UNUSED_VARIABLE = YES;
				IPHONEOS_DEPLOYMENT_TARGET = 13.5;
				MTL_ENABLE_DEBUG_INFO = INCLUDE_SOURCE;
				MTL_FAST_MATH = YES;
				ONLY_ACTIVE_ARCH = YES;
				SDKROOT = iphoneos;
			};
			name = Debug;
		};
		589343BA24B3C80200C431BD /* Release */ = {
			isa = XCBuildConfiguration;
			buildSettings = {
				ALWAYS_SEARCH_USER_PATHS = NO;
				CLANG_ANALYZER_NONNULL = YES;
				CLANG_ANALYZER_NUMBER_OBJECT_CONVERSION = YES_AGGRESSIVE;
				CLANG_CXX_LANGUAGE_STANDARD = "gnu++14";
				CLANG_CXX_LIBRARY = "libc++";
				CLANG_ENABLE_MODULES = YES;
				CLANG_ENABLE_OBJC_ARC = YES;
				CLANG_ENABLE_OBJC_WEAK = YES;
				CLANG_WARN_BLOCK_CAPTURE_AUTORELEASING = YES;
				CLANG_WARN_BOOL_CONVERSION = YES;
				CLANG_WARN_COMMA = YES;
				CLANG_WARN_CONSTANT_CONVERSION = YES;
				CLANG_WARN_DEPRECATED_OBJC_IMPLEMENTATIONS = YES;
				CLANG_WARN_DIRECT_OBJC_ISA_USAGE = YES_ERROR;
				CLANG_WARN_DOCUMENTATION_COMMENTS = YES;
				CLANG_WARN_EMPTY_BODY = YES;
				CLANG_WARN_ENUM_CONVERSION = YES;
				CLANG_WARN_INFINITE_RECURSION = YES;
				CLANG_WARN_INT_CONVERSION = YES;
				CLANG_WARN_NON_LITERAL_NULL_CONVERSION = YES;
				CLANG_WARN_OBJC_IMPLICIT_RETAIN_SELF = YES;
				CLANG_WARN_OBJC_LITERAL_CONVERSION = YES;
				CLANG_WARN_OBJC_ROOT_CLASS = YES_ERROR;
				CLANG_WARN_RANGE_LOOP_ANALYSIS = YES;
				CLANG_WARN_STRICT_PROTOTYPES = YES;
				CLANG_WARN_SUSPICIOUS_MOVE = YES;
				CLANG_WARN_UNGUARDED_AVAILABILITY = YES_AGGRESSIVE;
				CLANG_WARN_UNREACHABLE_CODE = YES;
				CLANG_WARN__DUPLICATE_METHOD_MATCH = YES;
				COPY_PHASE_STRIP = NO;
				DEBUG_INFORMATION_FORMAT = "dwarf-with-dsym";
				ENABLE_NS_ASSERTIONS = NO;
				ENABLE_STRICT_OBJC_MSGSEND = YES;
				GCC_C_LANGUAGE_STANDARD = gnu11;
				GCC_NO_COMMON_BLOCKS = YES;
				GCC_WARN_64_TO_32_BIT_CONVERSION = YES;
				GCC_WARN_ABOUT_RETURN_TYPE = YES_ERROR;
				GCC_WARN_UNDECLARED_SELECTOR = YES;
				GCC_WARN_UNINITIALIZED_AUTOS = YES_AGGRESSIVE;
				GCC_WARN_UNUSED_FUNCTION = YES;
				GCC_WARN_UNUSED_VARIABLE = YES;
				IPHONEOS_DEPLOYMENT_TARGET = 13.5;
				MTL_ENABLE_DEBUG_INFO = NO;
				MTL_FAST_MATH = YES;
				SDKROOT = iphoneos;
				VALIDATE_PRODUCT = YES;
			};
			name = Release;
		};
		589343BC24B3C80200C431BD /* Debug */ = {
			isa = XCBuildConfiguration;
			baseConfigurationReference = 05DCAF05155CCB998D8DEDBE /* Pods-Instagram.debug.xcconfig */;
			buildSettings = {
				ASSETCATALOG_COMPILER_APPICON_NAME = AppIcon;
				CODE_SIGN_STYLE = Automatic;
				DEVELOPMENT_TEAM = 27X8JHB629;
				INFOPLIST_FILE = Instagram/Info.plist;
				LD_RUNPATH_SEARCH_PATHS = (
					"$(inherited)",
					"@executable_path/Frameworks",
				);
				PRODUCT_BUNDLE_IDENTIFIER = com.riavora.Instagram;
				PRODUCT_NAME = "$(TARGET_NAME)";
				TARGETED_DEVICE_FAMILY = "1,2";
			};
			name = Debug;
		};
		589343BD24B3C80200C431BD /* Release */ = {
			isa = XCBuildConfiguration;
			baseConfigurationReference = 0123AA71D3A4B73C53661622 /* Pods-Instagram.release.xcconfig */;
			buildSettings = {
				ASSETCATALOG_COMPILER_APPICON_NAME = AppIcon;
				CODE_SIGN_STYLE = Automatic;
				DEVELOPMENT_TEAM = 27X8JHB629;
				INFOPLIST_FILE = Instagram/Info.plist;
				LD_RUNPATH_SEARCH_PATHS = (
					"$(inherited)",
					"@executable_path/Frameworks",
				);
				PRODUCT_BUNDLE_IDENTIFIER = com.riavora.Instagram;
				PRODUCT_NAME = "$(TARGET_NAME)";
				TARGETED_DEVICE_FAMILY = "1,2";
			};
			name = Release;
		};
		589343BF24B3C80200C431BD /* Debug */ = {
			isa = XCBuildConfiguration;
			baseConfigurationReference = 54ED6C70984B6226305C2450 /* Pods-InstagramTests.debug.xcconfig */;
			buildSettings = {
				BUNDLE_LOADER = "$(TEST_HOST)";
				CODE_SIGN_STYLE = Automatic;
				DEVELOPMENT_TEAM = 27X8JHB629;
				INFOPLIST_FILE = InstagramTests/Info.plist;
				IPHONEOS_DEPLOYMENT_TARGET = 13.5;
				LD_RUNPATH_SEARCH_PATHS = (
					"$(inherited)",
					"@executable_path/Frameworks",
					"@loader_path/Frameworks",
				);
				PRODUCT_BUNDLE_IDENTIFIER = com.riavora.InstagramTests;
				PRODUCT_NAME = "$(TARGET_NAME)";
				TARGETED_DEVICE_FAMILY = "1,2";
				TEST_HOST = "$(BUILT_PRODUCTS_DIR)/Instagram.app/Instagram";
			};
			name = Debug;
		};
		589343C024B3C80200C431BD /* Release */ = {
			isa = XCBuildConfiguration;
			baseConfigurationReference = D41A70FDDD3D2821B7415E4F /* Pods-InstagramTests.release.xcconfig */;
			buildSettings = {
				BUNDLE_LOADER = "$(TEST_HOST)";
				CODE_SIGN_STYLE = Automatic;
				DEVELOPMENT_TEAM = 27X8JHB629;
				INFOPLIST_FILE = InstagramTests/Info.plist;
				IPHONEOS_DEPLOYMENT_TARGET = 13.5;
				LD_RUNPATH_SEARCH_PATHS = (
					"$(inherited)",
					"@executable_path/Frameworks",
					"@loader_path/Frameworks",
				);
				PRODUCT_BUNDLE_IDENTIFIER = com.riavora.InstagramTests;
				PRODUCT_NAME = "$(TARGET_NAME)";
				TARGETED_DEVICE_FAMILY = "1,2";
				TEST_HOST = "$(BUILT_PRODUCTS_DIR)/Instagram.app/Instagram";
			};
			name = Release;
		};
		589343C224B3C80200C431BD /* Debug */ = {
			isa = XCBuildConfiguration;
			baseConfigurationReference = 5A851B6E46B582893A7F1619 /* Pods-Instagram-InstagramUITests.debug.xcconfig */;
			buildSettings = {
				CODE_SIGN_STYLE = Automatic;
				DEVELOPMENT_TEAM = 27X8JHB629;
				INFOPLIST_FILE = InstagramUITests/Info.plist;
				LD_RUNPATH_SEARCH_PATHS = (
					"$(inherited)",
					"@executable_path/Frameworks",
					"@loader_path/Frameworks",
				);
				PRODUCT_BUNDLE_IDENTIFIER = com.riavora.InstagramUITests;
				PRODUCT_NAME = "$(TARGET_NAME)";
				TARGETED_DEVICE_FAMILY = "1,2";
				TEST_TARGET_NAME = Instagram;
			};
			name = Debug;
		};
		589343C324B3C80200C431BD /* Release */ = {
			isa = XCBuildConfiguration;
			baseConfigurationReference = 24923FA954305F168289286E /* Pods-Instagram-InstagramUITests.release.xcconfig */;
			buildSettings = {
				CODE_SIGN_STYLE = Automatic;
				DEVELOPMENT_TEAM = 27X8JHB629;
				INFOPLIST_FILE = InstagramUITests/Info.plist;
				LD_RUNPATH_SEARCH_PATHS = (
					"$(inherited)",
					"@executable_path/Frameworks",
					"@loader_path/Frameworks",
				);
				PRODUCT_BUNDLE_IDENTIFIER = com.riavora.InstagramUITests;
				PRODUCT_NAME = "$(TARGET_NAME)";
				TARGETED_DEVICE_FAMILY = "1,2";
				TEST_TARGET_NAME = Instagram;
			};
			name = Release;
		};
/* End XCBuildConfiguration section */

/* Begin XCConfigurationList section */
		5893438724B3C80100C431BD /* Build configuration list for PBXProject "Instagram" */ = {
			isa = XCConfigurationList;
			buildConfigurations = (
				589343B924B3C80200C431BD /* Debug */,
				589343BA24B3C80200C431BD /* Release */,
			);
			defaultConfigurationIsVisible = 0;
			defaultConfigurationName = Release;
		};
		589343BB24B3C80200C431BD /* Build configuration list for PBXNativeTarget "Instagram" */ = {
			isa = XCConfigurationList;
			buildConfigurations = (
				589343BC24B3C80200C431BD /* Debug */,
				589343BD24B3C80200C431BD /* Release */,
			);
			defaultConfigurationIsVisible = 0;
			defaultConfigurationName = Release;
		};
		589343BE24B3C80200C431BD /* Build configuration list for PBXNativeTarget "InstagramTests" */ = {
			isa = XCConfigurationList;
			buildConfigurations = (
				589343BF24B3C80200C431BD /* Debug */,
				589343C024B3C80200C431BD /* Release */,
			);
			defaultConfigurationIsVisible = 0;
			defaultConfigurationName = Release;
		};
		589343C124B3C80200C431BD /* Build configuration list for PBXNativeTarget "InstagramUITests" */ = {
			isa = XCConfigurationList;
			buildConfigurations = (
				589343C224B3C80200C431BD /* Debug */,
				589343C324B3C80200C431BD /* Release */,
			);
			defaultConfigurationIsVisible = 0;
			defaultConfigurationName = Release;
		};
/* End XCConfigurationList section */
	};
	rootObject = 5893438424B3C80100C431BD /* Project object */;
}
